
Microsoft Visual Studio Solution File, Format Version 12.00
# Visual Studio 15
VisualStudioVersion = 15.0.28307.271
MinimumVisualStudioVersion = 10.0.40219.1
Project("{8BC9CEB8-8B4A-11D0-8D11-00A0C91BC942}") = "Part2", "Part2.vcxproj", "{A23AF02B-9CFE-4B3A-8890-ADDF4C822762}"
EndProject
Global
	GlobalSection(SolutionConfigurationPlatforms) = preSolution
		Debug|x64 = Debug|x64
		Debug|x86 = Debug|x86
		Release|x64 = Release|x64
		Release|x86 = Release|x86
	EndGlobalSection
	GlobalSection(ProjectConfigurationPlatforms) = postSolution
		{A23AF02B-9CFE-4B3A-8890-ADDF4C822762}.Debug|x64.ActiveCfg = Debug|x64
		{A23AF02B-9CFE-4B3A-8890-ADDF4C822762}.Debug|x64.Build.0 = Debug|x64
		{A23AF02B-9CFE-4B3A-8890-ADDF4C822762}.Debug|x86.ActiveCfg = Debug|Win32
		{A23AF02B-9CFE-4B3A-8890-ADDF4C822762}.Debug|x86.Build.0 = Debug|Win32
		{A23AF02B-9CFE-4B3A-8890-ADDF4C822762}.Release|x64.ActiveCfg = Release|x64
		{A23AF02B-9CFE-4B3A-8890-ADDF4C822762}.Release|x64.Build.0 = Release|x64
		{A23AF02B-9CFE-4B3A-8890-ADDF4C822762}.Release|x86.ActiveCfg = Release|Win32
		{A23AF02B-9CFE-4B3A-8890-ADDF4C822762}.Release|x86.Build.0 = Release|Win32
	EndGlobalSection
	GlobalSection(SolutionProperties) = preSolution
		HideSolutionNode = FALSE
	EndGlobalSection
	GlobalSection(ExtensibilityGlobals) = postSolution
		SolutionGuid = {9CD6B59B-BCD5-4920-8B15-642D4F335A97}
	EndGlobalSection
EndGlobal
